
Microsoft Visual Studio Solution File, Format Version 12.00
# Visual Studio Version 17
VisualStudioVersion = 17.5.002.0
MinimumVisualStudioVersion = 10.0.40219.1
Project("{9A19103F-16F7-4668-BE54-9A1E7A4F7556}") = "app", "app\app.csproj", "{33BE6A48-0BC6-4AB2-9C6A-BA6B057CF9B4}"
EndProject
Project("{9A19103F-16F7-4668-BE54-9A1E7A4F7556}") = "lib", "lib\lib.csproj", "{ADD07961-AF75-4D9F-B0A4-8EBD6A508740}"
EndProject
Project("{9A19103F-16F7-4668-BE54-9A1E7A4F7556}") = "tests", "tests\tests.csproj", "{2B575B0B-C4DD-44A4-A327-E659EA3650F1}"
EndProject
Project("{FAE04EC0-301F-11D3-BF4B-00C04F79EFBC}") = "WpfApp1", "WpfApp\WpfApp1.csproj", "{C42F22BC-0A46-4110-9112-22CA34B212A1}"
	ProjectSection(ProjectDependencies) = postProject
		{ADD07961-AF75-4D9F-B0A4-8EBD6A508740} = {ADD07961-AF75-4D9F-B0A4-8EBD6A508740}
	EndProjectSection
EndProject
Project("{FAE04EC0-301F-11D3-BF4B-00C04F79EFBC}") = "WpfApp", "WpfApp\WpfApp.csproj", "{511C40FF-711F-4A61-8202-07A9A3AFA97F}"
EndProject
Global
	GlobalSection(SolutionConfigurationPlatforms) = preSolution
		Debug|Any CPU = Debug|Any CPU
		Release|Any CPU = Release|Any CPU
	EndGlobalSection
	GlobalSection(ProjectConfigurationPlatforms) = postSolution
		{33BE6A48-0BC6-4AB2-9C6A-BA6B057CF9B4}.Debug|Any CPU.ActiveCfg = Debug|Any CPU
		{33BE6A48-0BC6-4AB2-9C6A-BA6B057CF9B4}.Debug|Any CPU.Build.0 = Debug|Any CPU
		{33BE6A48-0BC6-4AB2-9C6A-BA6B057CF9B4}.Release|Any CPU.ActiveCfg = Release|Any CPU
		{33BE6A48-0BC6-4AB2-9C6A-BA6B057CF9B4}.Release|Any CPU.Build.0 = Release|Any CPU
		{ADD07961-AF75-4D9F-B0A4-8EBD6A508740}.Debug|Any CPU.ActiveCfg = Debug|Any CPU
		{ADD07961-AF75-4D9F-B0A4-8EBD6A508740}.Debug|Any CPU.Build.0 = Debug|Any CPU
		{ADD07961-AF75-4D9F-B0A4-8EBD6A508740}.Release|Any CPU.ActiveCfg = Release|Any CPU
		{ADD07961-AF75-4D9F-B0A4-8EBD6A508740}.Release|Any CPU.Build.0 = Release|Any CPU
		{2B575B0B-C4DD-44A4-A327-E659EA3650F1}.Debug|Any CPU.ActiveCfg = Debug|Any CPU
		{2B575B0B-C4DD-44A4-A327-E659EA3650F1}.Debug|Any CPU.Build.0 = Debug|Any CPU
		{2B575B0B-C4DD-44A4-A327-E659EA3650F1}.Release|Any CPU.ActiveCfg = Release|Any CPU
		{2B575B0B-C4DD-44A4-A327-E659EA3650F1}.Release|Any CPU.Build.0 = Release|Any CPU
		{C42F22BC-0A46-4110-9112-22CA34B212A1}.Debug|Any CPU.ActiveCfg = Debug|Any CPU
		{C42F22BC-0A46-4110-9112-22CA34B212A1}.Debug|Any CPU.Build.0 = Debug|Any CPU
		{C42F22BC-0A46-4110-9112-22CA34B212A1}.Release|Any CPU.ActiveCfg = Release|Any CPU
		{C42F22BC-0A46-4110-9112-22CA34B212A1}.Release|Any CPU.Build.0 = Release|Any CPU
		{511C40FF-711F-4A61-8202-07A9A3AFA97F}.Debug|Any CPU.ActiveCfg = Debug|Any CPU
		{511C40FF-711F-4A61-8202-07A9A3AFA97F}.Debug|Any CPU.Build.0 = Debug|Any CPU
		{511C40FF-711F-4A61-8202-07A9A3AFA97F}.Release|Any CPU.ActiveCfg = Release|Any CPU
		{511C40FF-711F-4A61-8202-07A9A3AFA97F}.Release|Any CPU.Build.0 = Release|Any CPU
	EndGlobalSection
	GlobalSection(SolutionProperties) = preSolution
		HideSolutionNode = FALSE
	EndGlobalSection
	GlobalSection(ExtensibilityGlobals) = postSolution
		SolutionGuid = {869B2176-1DC3-4D9E-80B8-780E4615DEF6}
	EndGlobalSection
EndGlobal
